// !$*UTF8*$!
{
	archiveVersion = 1;
	classes = {
	};
	objectVersion = 50;
	objects = {

/* Begin PBXBuildFile section */
		B823AB6F23F157A900DE13EA /* UIStoryboard + Extensions.swift in Sources */ = {isa = PBXBuildFile; fileRef = B823AB6E23F157A900DE13EA /* UIStoryboard + Extensions.swift */; };
		B823AB7123F15A5600DE13EA /* UIViewController + Extensions.swift in Sources */ = {isa = PBXBuildFile; fileRef = B823AB7023F15A5600DE13EA /* UIViewController + Extensions.swift */; };
		B823AB7323F15AAE00DE13EA /* UIView + Extensions.swift in Sources */ = {isa = PBXBuildFile; fileRef = B823AB7223F15AAE00DE13EA /* UIView + Extensions.swift */; };
		B823AB7723F15E3600DE13EA /* Auth.storyboard in Resources */ = {isa = PBXBuildFile; fileRef = B823AB7623F15E3600DE13EA /* Auth.storyboard */; };
		B823AB7F23F1602100DE13EA /* OnboardingViewController.swift in Sources */ = {isa = PBXBuildFile; fileRef = B823AB7E23F1602100DE13EA /* OnboardingViewController.swift */; };
		B870198523ED50EA00625D61 /* AppDelegate.swift in Sources */ = {isa = PBXBuildFile; fileRef = B870198423ED50EA00625D61 /* AppDelegate.swift */; };
		B870198E23ED50EC00625D61 /* Assets.xcassets in Resources */ = {isa = PBXBuildFile; fileRef = B870198D23ED50EC00625D61 /* Assets.xcassets */; };
		B870199123ED50EC00625D61 /* LaunchScreen.storyboard in Resources */ = {isa = PBXBuildFile; fileRef = B870198F23ED50EC00625D61 /* LaunchScreen.storyboard */; };
/* End PBXBuildFile section */

/* Begin PBXFileReference section */
		B823AB6E23F157A900DE13EA /* UIStoryboard + Extensions.swift */ = {isa = PBXFileReference; lastKnownFileType = sourcecode.swift; path = "UIStoryboard + Extensions.swift"; sourceTree = "<group>"; };
		B823AB7023F15A5600DE13EA /* UIViewController + Extensions.swift */ = {isa = PBXFileReference; lastKnownFileType = sourcecode.swift; path = "UIViewController + Extensions.swift"; sourceTree = "<group>"; };
		B823AB7223F15AAE00DE13EA /* UIView + Extensions.swift */ = {isa = PBXFileReference; lastKnownFileType = sourcecode.swift; path = "UIView + Extensions.swift"; sourceTree = "<group>"; };
		B823AB7623F15E3600DE13EA /* Auth.storyboard */ = {isa = PBXFileReference; lastKnownFileType = file.storyboard; path = Auth.storyboard; sourceTree = "<group>"; };
		B823AB7E23F1602100DE13EA /* OnboardingViewController.swift */ = {isa = PBXFileReference; lastKnownFileType = sourcecode.swift; path = OnboardingViewController.swift; sourceTree = "<group>"; };
		B870198123ED50EA00625D61 /* CoBook.app */ = {isa = PBXFileReference; explicitFileType = wrapper.application; includeInIndex = 0; path = CoBook.app; sourceTree = BUILT_PRODUCTS_DIR; };
		B870198423ED50EA00625D61 /* AppDelegate.swift */ = {isa = PBXFileReference; lastKnownFileType = sourcecode.swift; path = AppDelegate.swift; sourceTree = "<group>"; };
		B870198D23ED50EC00625D61 /* Assets.xcassets */ = {isa = PBXFileReference; lastKnownFileType = folder.assetcatalog; path = Assets.xcassets; sourceTree = "<group>"; };
		B870199023ED50EC00625D61 /* Base */ = {isa = PBXFileReference; lastKnownFileType = file.storyboard; name = Base; path = Base.lproj/LaunchScreen.storyboard; sourceTree = "<group>"; };
		B870199223ED50EC00625D61 /* Info.plist */ = {isa = PBXFileReference; lastKnownFileType = text.plist.xml; path = Info.plist; sourceTree = "<group>"; };
/* End PBXFileReference section */

/* Begin PBXFrameworksBuildPhase section */
		B870197E23ED50EA00625D61 /* Frameworks */ = {
			isa = PBXFrameworksBuildPhase;
			buildActionMask = 2147483647;
			files = (
			);
			runOnlyForDeploymentPostprocessing = 0;
		};
/* End PBXFrameworksBuildPhase section */

/* Begin PBXGroup section */
		B823AB6923F156C600DE13EA /* Resources */ = {
			isa = PBXGroup;
			children = (
				B870198D23ED50EC00625D61 /* Assets.xcassets */,
			);
			path = Resources;
			sourceTree = "<group>";
		};
		B823AB6A23F156D600DE13EA /* Scenes */ = {
			isa = PBXGroup;
			children = (
				B823AB7A23F15EB600DE13EA /* Launch */,
				B823AB7423F15D5F00DE13EA /* Auth */,
			);
			path = Scenes;
			sourceTree = "<group>";
		};
		B823AB6B23F156DE00DE13EA /* Extensions */ = {
			isa = PBXGroup;
			children = (
				B823AB6E23F157A900DE13EA /* UIStoryboard + Extensions.swift */,
				B823AB7023F15A5600DE13EA /* UIViewController + Extensions.swift */,
				B823AB7223F15AAE00DE13EA /* UIView + Extensions.swift */,
			);
			path = Extensions;
			sourceTree = "<group>";
		};
		B823AB6C23F156EE00DE13EA /* Networking */ = {
			isa = PBXGroup;
			children = (
			);
			path = Networking;
			sourceTree = "<group>";
		};
		B823AB6D23F1570F00DE13EA /* Reusable */ = {
			isa = PBXGroup;
			children = (
				B823AB7D23F15FA900DE13EA /* storyboards */,
				B823AB7C23F15F8800DE13EA /* views */,
			);
			path = Reusable;
			sourceTree = "<group>";
		};
		B823AB7423F15D5F00DE13EA /* Auth */ = {
			isa = PBXGroup;
			children = (
				B823AB7623F15E3600DE13EA /* Auth.storyboard */,
				B823AB7523F15DD700DE13EA /* Onboarding */,
				B823AB7923F15E8400DE13EA /* Login */,
				B823AB7823F15E7300DE13EA /* Registration */,
			);
			path = Auth;
			sourceTree = "<group>";
		};
		B823AB7523F15DD700DE13EA /* Onboarding */ = {
			isa = PBXGroup;
			children = (
				B823AB7E23F1602100DE13EA /* OnboardingViewController.swift */,
			);
			path = Onboarding;
			sourceTree = "<group>";
		};
		B823AB7823F15E7300DE13EA /* Registration */ = {
			isa = PBXGroup;
			children = (
			);
			path = Registration;
			sourceTree = "<group>";
		};
		B823AB7923F15E8400DE13EA /* Login */ = {
			isa = PBXGroup;
			children = (
			);
			path = Login;
			sourceTree = "<group>";
		};
		B823AB7A23F15EB600DE13EA /* Launch */ = {
			isa = PBXGroup;
			children = (
				B870198F23ED50EC00625D61 /* LaunchScreen.storyboard */,
			);
			path = Launch;
			sourceTree = "<group>";
		};
		B823AB7B23F15F6E00DE13EA /* cells */ = {
			isa = PBXGroup;
			children = (
			);
			path = cells;
			sourceTree = "<group>";
		};
		B823AB7C23F15F8800DE13EA /* views */ = {
			isa = PBXGroup;
			children = (
				B823AB7B23F15F6E00DE13EA /* cells */,
			);
			path = views;
			sourceTree = "<group>";
		};
		B823AB7D23F15FA900DE13EA /* storyboards */ = {
			isa = PBXGroup;
			children = (
			);
			path = storyboards;
			sourceTree = "<group>";
		};
		B870197823ED50EA00625D61 = {
			isa = PBXGroup;
			children = (
				B870198323ED50EA00625D61 /* CoBook */,
				B870198223ED50EA00625D61 /* Products */,
			);
			sourceTree = "<group>";
		};
		B870198223ED50EA00625D61 /* Products */ = {
			isa = PBXGroup;
			children = (
				B870198123ED50EA00625D61 /* CoBook.app */,
			);
			name = Products;
			sourceTree = "<group>";
		};
		B870198323ED50EA00625D61 /* CoBook */ = {
			isa = PBXGroup;
			children = (
				B870198423ED50EA00625D61 /* AppDelegate.swift */,
				B870199223ED50EC00625D61 /* Info.plist */,
				B823AB6C23F156EE00DE13EA /* Networking */,
				B823AB6B23F156DE00DE13EA /* Extensions */,
				B823AB6D23F1570F00DE13EA /* Reusable */,
				B823AB6A23F156D600DE13EA /* Scenes */,
				B823AB6923F156C600DE13EA /* Resources */,
			);
			path = CoBook;
			sourceTree = "<group>";
		};
/* End PBXGroup section */

/* Begin PBXNativeTarget section */
		B870198023ED50EA00625D61 /* CoBook */ = {
			isa = PBXNativeTarget;
			buildConfigurationList = B870199523ED50EC00625D61 /* Build configuration list for PBXNativeTarget "CoBook" */;
			buildPhases = (
				B870197D23ED50EA00625D61 /* Sources */,
				B870197E23ED50EA00625D61 /* Frameworks */,
				B870197F23ED50EA00625D61 /* Resources */,
			);
			buildRules = (
			);
			dependencies = (
			);
			name = CoBook;
			productName = CoBook;
			productReference = B870198123ED50EA00625D61 /* CoBook.app */;
			productType = "com.apple.product-type.application";
		};
/* End PBXNativeTarget section */

/* Begin PBXProject section */
		B870197923ED50EA00625D61 /* Project object */ = {
			isa = PBXProject;
			attributes = {
				LastSwiftUpdateCheck = 1130;
				LastUpgradeCheck = 1130;
				ORGANIZATIONNAME = CoBook;
				TargetAttributes = {
					B870198023ED50EA00625D61 = {
						CreatedOnToolsVersion = 11.3.1;
					};
				};
			};
			buildConfigurationList = B870197C23ED50EA00625D61 /* Build configuration list for PBXProject "CoBook" */;
			compatibilityVersion = "Xcode 9.3";
			developmentRegion = en;
			hasScannedForEncodings = 0;
			knownRegions = (
				en,
				Base,
			);
			mainGroup = B870197823ED50EA00625D61;
			productRefGroup = B870198223ED50EA00625D61 /* Products */;
			projectDirPath = "";
			projectRoot = "";
			targets = (
				B870198023ED50EA00625D61 /* CoBook */,
			);
		};
/* End PBXProject section */

/* Begin PBXResourcesBuildPhase section */
		B870197F23ED50EA00625D61 /* Resources */ = {
			isa = PBXResourcesBuildPhase;
			buildActionMask = 2147483647;
			files = (
				B823AB7723F15E3600DE13EA /* Auth.storyboard in Resources */,
				B870199123ED50EC00625D61 /* LaunchScreen.storyboard in Resources */,
				B870198E23ED50EC00625D61 /* Assets.xcassets in Resources */,
			);
			runOnlyForDeploymentPostprocessing = 0;
		};
/* End PBXResourcesBuildPhase section */

/* Begin PBXSourcesBuildPhase section */
		B870197D23ED50EA00625D61 /* Sources */ = {
			isa = PBXSourcesBuildPhase;
			buildActionMask = 2147483647;
			files = (
				B823AB7323F15AAE00DE13EA /* UIView + Extensions.swift in Sources */,
				B823AB6F23F157A900DE13EA /* UIStoryboard + Extensions.swift in Sources */,
				B823AB7F23F1602100DE13EA /* OnboardingViewController.swift in Sources */,
				B823AB7123F15A5600DE13EA /* UIViewController + Extensions.swift in Sources */,
				B870198523ED50EA00625D61 /* AppDelegate.swift in Sources */,
			);
			runOnlyForDeploymentPostprocessing = 0;
		};
/* End PBXSourcesBuildPhase section */

/* Begin PBXVariantGroup section */
		B870198F23ED50EC00625D61 /* LaunchScreen.storyboard */ = {
			isa = PBXVariantGroup;
			children = (
				B870199023ED50EC00625D61 /* Base */,
			);
			name = LaunchScreen.storyboard;
			sourceTree = "<group>";
		};
/* End PBXVariantGroup section */

/* Begin XCBuildConfiguration section */
		B870199323ED50EC00625D61 /* Debug */ = {
			isa = XCBuildConfiguration;
			buildSettings = {
				ALWAYS_SEARCH_USER_PATHS = NO;
				CLANG_ANALYZER_NONNULL = YES;
				CLANG_ANALYZER_NUMBER_OBJECT_CONVERSION = YES_AGGRESSIVE;
				CLANG_CXX_LANGUAGE_STANDARD = "gnu++14";
				CLANG_CXX_LIBRARY = "libc++";
				CLANG_ENABLE_MODULES = YES;
				CLANG_ENABLE_OBJC_ARC = YES;
				CLANG_ENABLE_OBJC_WEAK = YES;
				CLANG_WARN_BLOCK_CAPTURE_AUTORELEASING = YES;
				CLANG_WARN_BOOL_CONVERSION = YES;
				CLANG_WARN_COMMA = YES;
				CLANG_WARN_CONSTANT_CONVERSION = YES;
				CLANG_WARN_DEPRECATED_OBJC_IMPLEMENTATIONS = YES;
				CLANG_WARN_DIRECT_OBJC_ISA_USAGE = YES_ERROR;
				CLANG_WARN_DOCUMENTATION_COMMENTS = YES;
				CLANG_WARN_EMPTY_BODY = YES;
				CLANG_WARN_ENUM_CONVERSION = YES;
				CLANG_WARN_INFINITE_RECURSION = YES;
				CLANG_WARN_INT_CONVERSION = YES;
				CLANG_WARN_NON_LITERAL_NULL_CONVERSION = YES;
				CLANG_WARN_OBJC_IMPLICIT_RETAIN_SELF = YES;
				CLANG_WARN_OBJC_LITERAL_CONVERSION = YES;
				CLANG_WARN_OBJC_ROOT_CLASS = YES_ERROR;
				CLANG_WARN_RANGE_LOOP_ANALYSIS = YES;
				CLANG_WARN_STRICT_PROTOTYPES = YES;
				CLANG_WARN_SUSPICIOUS_MOVE = YES;
				CLANG_WARN_UNGUARDED_AVAILABILITY = YES_AGGRESSIVE;
				CLANG_WARN_UNREACHABLE_CODE = YES;
				CLANG_WARN__DUPLICATE_METHOD_MATCH = YES;
				COPY_PHASE_STRIP = NO;
				DEBUG_INFORMATION_FORMAT = dwarf;
				ENABLE_STRICT_OBJC_MSGSEND = YES;
				ENABLE_TESTABILITY = YES;
				GCC_C_LANGUAGE_STANDARD = gnu11;
				GCC_DYNAMIC_NO_PIC = NO;
				GCC_NO_COMMON_BLOCKS = YES;
				GCC_OPTIMIZATION_LEVEL = 0;
				GCC_PREPROCESSOR_DEFINITIONS = (
					"DEBUG=1",
					"$(inherited)",
				);
				GCC_WARN_64_TO_32_BIT_CONVERSION = YES;
				GCC_WARN_ABOUT_RETURN_TYPE = YES_ERROR;
				GCC_WARN_UNDECLARED_SELECTOR = YES;
				GCC_WARN_UNINITIALIZED_AUTOS = YES_AGGRESSIVE;
				GCC_WARN_UNUSED_FUNCTION = YES;
				GCC_WARN_UNUSED_VARIABLE = YES;
				IPHONEOS_DEPLOYMENT_TARGET = 13.2;
				MTL_ENABLE_DEBUG_INFO = INCLUDE_SOURCE;
				MTL_FAST_MATH = YES;
				ONLY_ACTIVE_ARCH = YES;
				SDKROOT = iphoneos;
				SWIFT_ACTIVE_COMPILATION_CONDITIONS = DEBUG;
				SWIFT_OPTIMIZATION_LEVEL = "-Onone";
			};
			name = Debug;
		};
		B870199423ED50EC00625D61 /* Release */ = {
			isa = XCBuildConfiguration;
			buildSettings = {
				ALWAYS_SEARCH_USER_PATHS = NO;
				CLANG_ANALYZER_NONNULL = YES;
				CLANG_ANALYZER_NUMBER_OBJECT_CONVERSION = YES_AGGRESSIVE;
				CLANG_CXX_LANGUAGE_STANDARD = "gnu++14";
				CLANG_CXX_LIBRARY = "libc++";
				CLANG_ENABLE_MODULES = YES;
				CLANG_ENABLE_OBJC_ARC = YES;
				CLANG_ENABLE_OBJC_WEAK = YES;
				CLANG_WARN_BLOCK_CAPTURE_AUTORELEASING = YES;
				CLANG_WARN_BOOL_CONVERSION = YES;
				CLANG_WARN_COMMA = YES;
				CLANG_WARN_CONSTANT_CONVERSION = YES;
				CLANG_WARN_DEPRECATED_OBJC_IMPLEMENTATIONS = YES;
				CLANG_WARN_DIRECT_OBJC_ISA_USAGE = YES_ERROR;
				CLANG_WARN_DOCUMENTATION_COMMENTS = YES;
				CLANG_WARN_EMPTY_BODY = YES;
				CLANG_WARN_ENUM_CONVERSION = YES;
				CLANG_WARN_INFINITE_RECURSION = YES;
				CLANG_WARN_INT_CONVERSION = YES;
				CLANG_WARN_NON_LITERAL_NULL_CONVERSION = YES;
				CLANG_WARN_OBJC_IMPLICIT_RETAIN_SELF = YES;
				CLANG_WARN_OBJC_LITERAL_CONVERSION = YES;
				CLANG_WARN_OBJC_ROOT_CLASS = YES_ERROR;
				CLANG_WARN_RANGE_LOOP_ANALYSIS = YES;
				CLANG_WARN_STRICT_PROTOTYPES = YES;
				CLANG_WARN_SUSPICIOUS_MOVE = YES;
				CLANG_WARN_UNGUARDED_AVAILABILITY = YES_AGGRESSIVE;
				CLANG_WARN_UNREACHABLE_CODE = YES;
				CLANG_WARN__DUPLICATE_METHOD_MATCH = YES;
				COPY_PHASE_STRIP = NO;
				DEBUG_INFORMATION_FORMAT = "dwarf-with-dsym";
				ENABLE_NS_ASSERTIONS = NO;
				ENABLE_STRICT_OBJC_MSGSEND = YES;
				GCC_C_LANGUAGE_STANDARD = gnu11;
				GCC_NO_COMMON_BLOCKS = YES;
				GCC_WARN_64_TO_32_BIT_CONVERSION = YES;
				GCC_WARN_ABOUT_RETURN_TYPE = YES_ERROR;
				GCC_WARN_UNDECLARED_SELECTOR = YES;
				GCC_WARN_UNINITIALIZED_AUTOS = YES_AGGRESSIVE;
				GCC_WARN_UNUSED_FUNCTION = YES;
				GCC_WARN_UNUSED_VARIABLE = YES;
				IPHONEOS_DEPLOYMENT_TARGET = 13.2;
				MTL_ENABLE_DEBUG_INFO = NO;
				MTL_FAST_MATH = YES;
				SDKROOT = iphoneos;
				SWIFT_COMPILATION_MODE = wholemodule;
				SWIFT_OPTIMIZATION_LEVEL = "-O";
				VALIDATE_PRODUCT = YES;
			};
			name = Release;
		};
		B870199623ED50EC00625D61 /* Debug */ = {
			isa = XCBuildConfiguration;
			buildSettings = {
				ASSETCATALOG_COMPILER_APPICON_NAME = AppIcon;
				CODE_SIGN_STYLE = Automatic;
				DEVELOPMENT_TEAM = S8SL25HNRJ;
				INFOPLIST_FILE = CoBook/Info.plist;
				IPHONEOS_DEPLOYMENT_TARGET = 11.0;
				LD_RUNPATH_SEARCH_PATHS = (
					"$(inherited)",
					"@executable_path/Frameworks",
				);
				PRODUCT_BUNDLE_IDENTIFIER = com.cobook.CoBook;
				PRODUCT_NAME = "$(TARGET_NAME)";
				SWIFT_VERSION = 5.0;
				TARGETED_DEVICE_FAMILY = 1;
			};
			name = Debug;
		};
		B870199723ED50EC00625D61 /* Release */ = {
			isa = XCBuildConfiguration;
			buildSettings = {
				ASSETCATALOG_COMPILER_APPICON_NAME = AppIcon;
				CODE_SIGN_STYLE = Automatic;
				DEVELOPMENT_TEAM = S8SL25HNRJ;
				INFOPLIST_FILE = CoBook/Info.plist;
				IPHONEOS_DEPLOYMENT_TARGET = 11.0;
				LD_RUNPATH_SEARCH_PATHS = (
					"$(inherited)",
					"@executable_path/Frameworks",
				);
				PRODUCT_BUNDLE_IDENTIFIER = com.cobook.CoBook;
				PRODUCT_NAME = "$(TARGET_NAME)";
				SWIFT_VERSION = 5.0;
				TARGETED_DEVICE_FAMILY = 1;
			};
			name = Release;
		};
/* End XCBuildConfiguration section */

/* Begin XCConfigurationList section */
		B870197C23ED50EA00625D61 /* Build configuration list for PBXProject "CoBook" */ = {
			isa = XCConfigurationList;
			buildConfigurations = (
				B870199323ED50EC00625D61 /* Debug */,
				B870199423ED50EC00625D61 /* Release */,
			);
			defaultConfigurationIsVisible = 0;
			defaultConfigurationName = Release;
		};
		B870199523ED50EC00625D61 /* Build configuration list for PBXNativeTarget "CoBook" */ = {
			isa = XCConfigurationList;
			buildConfigurations = (
				B870199623ED50EC00625D61 /* Debug */,
				B870199723ED50EC00625D61 /* Release */,
			);
			defaultConfigurationIsVisible = 0;
			defaultConfigurationName = Release;
		};
/* End XCConfigurationList section */
	};
	rootObject = B870197923ED50EA00625D61 /* Project object */;
}
